
Microsoft Visual Studio Solution File, Format Version 11.00
# Visual Studio 2010
Project("{FAE04EC0-301F-11D3-BF4B-00C04F79EFBC}") = "AssyLineSystem", "AssyLineSystem\AssyLineSystem.csproj", "{C44C45D0-2624-44F0-90D2-4B09D43C70D8}"
EndProject
Project("{FAE04EC0-301F-11D3-BF4B-00C04F79EFBC}") = "Login", "Login\Login.csproj", "{89426792-55A7-4535-BEBA-09B4D81C8972}"
EndProject
Project("{FAE04EC0-301F-11D3-BF4B-00C04F79EFBC}") = "ObjectTool", "ObjectTool\ObjectTool.csproj", "{0C3EDDFB-2F69-4E91-8328-C910EDEBEBE3}"
EndProject
Project("{54435603-DBB4-11D2-8724-00A0C9A8B90C}") = "Auto Barcode", "Auto Barcode\Auto Barcode.vdproj", "{6CAC2357-7ABF-4D98-98CF-BC88A31D1E72}"
EndProject
Global
	GlobalSection(SolutionConfigurationPlatforms) = preSolution
		Debug|Any CPU = Debug|Any CPU
		Debug|Mixed Platforms = Debug|Mixed Platforms
		Debug|x86 = Debug|x86
		Release|Any CPU = Release|Any CPU
		Release|Mixed Platforms = Release|Mixed Platforms
		Release|x86 = Release|x86
	EndGlobalSection
	GlobalSection(ProjectConfigurationPlatforms) = postSolution
		{C44C45D0-2624-44F0-90D2-4B09D43C70D8}.Debug|Any CPU.ActiveCfg = Debug|x86
		{C44C45D0-2624-44F0-90D2-4B09D43C70D8}.Debug|Mixed Platforms.ActiveCfg = Debug|x86
		{C44C45D0-2624-44F0-90D2-4B09D43C70D8}.Debug|Mixed Platforms.Build.0 = Debug|x86
		{C44C45D0-2624-44F0-90D2-4B09D43C70D8}.Debug|x86.ActiveCfg = Debug|x86
		{C44C45D0-2624-44F0-90D2-4B09D43C70D8}.Debug|x86.Build.0 = Debug|x86
		{C44C45D0-2624-44F0-90D2-4B09D43C70D8}.Release|Any CPU.ActiveCfg = Release|x86
		{C44C45D0-2624-44F0-90D2-4B09D43C70D8}.Release|Mixed Platforms.ActiveCfg = Release|x86
		{C44C45D0-2624-44F0-90D2-4B09D43C70D8}.Release|Mixed Platforms.Build.0 = Release|x86
		{C44C45D0-2624-44F0-90D2-4B09D43C70D8}.Release|x86.ActiveCfg = Release|x86
		{C44C45D0-2624-44F0-90D2-4B09D43C70D8}.Release|x86.Build.0 = Release|x86
		{89426792-55A7-4535-BEBA-09B4D81C8972}.Debug|Any CPU.ActiveCfg = Debug|x86
		{89426792-55A7-4535-BEBA-09B4D81C8972}.Debug|Mixed Platforms.ActiveCfg = Debug|x86
		{89426792-55A7-4535-BEBA-09B4D81C8972}.Debug|Mixed Platforms.Build.0 = Debug|x86
		{89426792-55A7-4535-BEBA-09B4D81C8972}.Debug|x86.ActiveCfg = Debug|x86
		{89426792-55A7-4535-BEBA-09B4D81C8972}.Debug|x86.Build.0 = Debug|x86
		{89426792-55A7-4535-BEBA-09B4D81C8972}.Release|Any CPU.ActiveCfg = Release|x86
		{89426792-55A7-4535-BEBA-09B4D81C8972}.Release|Mixed Platforms.ActiveCfg = Release|x86
		{89426792-55A7-4535-BEBA-09B4D81C8972}.Release|Mixed Platforms.Build.0 = Release|x86
		{89426792-55A7-4535-BEBA-09B4D81C8972}.Release|x86.ActiveCfg = Release|x86
		{89426792-55A7-4535-BEBA-09B4D81C8972}.Release|x86.Build.0 = Release|x86
		{0C3EDDFB-2F69-4E91-8328-C910EDEBEBE3}.Debug|Any CPU.ActiveCfg = Debug|x86
		{0C3EDDFB-2F69-4E91-8328-C910EDEBEBE3}.Debug|Mixed Platforms.ActiveCfg = Debug|x86
		{0C3EDDFB-2F69-4E91-8328-C910EDEBEBE3}.Debug|Mixed Platforms.Build.0 = Debug|x86
		{0C3EDDFB-2F69-4E91-8328-C910EDEBEBE3}.Debug|x86.ActiveCfg = Debug|x86
		{0C3EDDFB-2F69-4E91-8328-C910EDEBEBE3}.Debug|x86.Build.0 = Debug|x86
		{0C3EDDFB-2F69-4E91-8328-C910EDEBEBE3}.Release|Any CPU.ActiveCfg = Release|x86
		{0C3EDDFB-2F69-4E91-8328-C910EDEBEBE3}.Release|Mixed Platforms.ActiveCfg = Release|x86
		{0C3EDDFB-2F69-4E91-8328-C910EDEBEBE3}.Release|Mixed Platforms.Build.0 = Release|x86
		{0C3EDDFB-2F69-4E91-8328-C910EDEBEBE3}.Release|x86.ActiveCfg = Release|x86
		{0C3EDDFB-2F69-4E91-8328-C910EDEBEBE3}.Release|x86.Build.0 = Release|x86
		{6CAC2357-7ABF-4D98-98CF-BC88A31D1E72}.Debug|Any CPU.ActiveCfg = Debug
		{6CAC2357-7ABF-4D98-98CF-BC88A31D1E72}.Debug|Mixed Platforms.ActiveCfg = Debug
		{6CAC2357-7ABF-4D98-98CF-BC88A31D1E72}.Debug|x86.ActiveCfg = Debug
		{6CAC2357-7ABF-4D98-98CF-BC88A31D1E72}.Release|Any CPU.ActiveCfg = Release
		{6CAC2357-7ABF-4D98-98CF-BC88A31D1E72}.Release|Mixed Platforms.ActiveCfg = Release
		{6CAC2357-7ABF-4D98-98CF-BC88A31D1E72}.Release|x86.ActiveCfg = Release
	EndGlobalSection
	GlobalSection(SolutionProperties) = preSolution
		HideSolutionNode = FALSE
	EndGlobalSection
EndGlobal
